
Microsoft Visual Studio Solution File, Format Version 12.00
# Visual Studio Version 17
VisualStudioVersion = 17.1.32319.34
MinimumVisualStudioVersion = 10.0.40219.1
Project("{8BC9CEB8-8B4A-11D0-8D11-00A0C91BC942}") = "Playground", "Playground\Playground.vcxproj", "{9C3D930E-719B-42ED-879A-43EBAD3F1A38}"
EndProject
Project("{8BC9CEB8-8B4A-11D0-8D11-00A0C91BC942}") = "NovlEngine", "NovlEngine\NovlEngine.vcxproj", "{9CF516AE-056C-4A60-8D81-096F711CC605}"
EndProject
Global
	GlobalSection(SolutionConfigurationPlatforms) = preSolution
		Debug|x64 = Debug|x64
		Release|x64 = Release|x64
	EndGlobalSection
	GlobalSection(ProjectConfigurationPlatforms) = postSolution
		{9C3D930E-719B-42ED-879A-43EBAD3F1A38}.Debug|x64.ActiveCfg = Debug|x64
		{9C3D930E-719B-42ED-879A-43EBAD3F1A38}.Debug|x64.Build.0 = Debug|x64
		{9C3D930E-719B-42ED-879A-43EBAD3F1A38}.Release|x64.ActiveCfg = Release|x64
		{9C3D930E-719B-42ED-879A-43EBAD3F1A38}.Release|x64.Build.0 = Release|x64
		{9CF516AE-056C-4A60-8D81-096F711CC605}.Debug|x64.ActiveCfg = Debug|x64
		{9CF516AE-056C-4A60-8D81-096F711CC605}.Debug|x64.Build.0 = Debug|x64
		{9CF516AE-056C-4A60-8D81-096F711CC605}.Release|x64.ActiveCfg = Release|x64
		{9CF516AE-056C-4A60-8D81-096F711CC605}.Release|x64.Build.0 = Release|x64
	EndGlobalSection
	GlobalSection(SolutionProperties) = preSolution
		HideSolutionNode = FALSE
	EndGlobalSection
	GlobalSection(ExtensibilityGlobals) = postSolution
		SolutionGuid = {ABF194ED-FC4D-4694-9385-1AB426CDA410}
	EndGlobalSection
EndGlobal
